{
  "object": {
    "pins": [
      {
        "package": "AudioKit",
        "repositoryURL": "https://github.com/AudioKit/AudioKit.git",
        "state": {
          "branch": "main",
          "revision": "618df54cf5a31ae267d3957cf8a2f03a137f16cf",
          "version": null
        }
      },
      {
        "package": "Get",
        "repositoryURL": "https://github.com/kean/Get",
        "state": {
          "branch": null,
          "revision": "12830cc64f31789ae6f4352d2d51d03a25fc3741",
          "version": "2.1.6"
        }
      },
      {
        "package": "PodcastIndexKit",
        "repositoryURL": "https://github.com/SparrowTek/PodcastIndexKit",
        "state": {
          "branch": "main",
          "revision": "ebfcaa1fc8f6afe0ae1a3cc4abd3912ed18b45c9",
          "version": null
        }
      },
      {
        "package": "Popovers",
        "repositoryURL": "https://github.com/aheze/Popovers",
        "state": {
          "branch": "main",
          "revision": "54728a9ca199ffbffe444d5b04a9354f6a02da7c",
          "version": null
        }
      },
      {
        "package": "PopupView",
        "repositoryURL": "https://github.com/exyte/PopupView.git",
        "state": {
          "branch": "master",
          "revision": "c7416bb9fa3944e72cedf4c1c9d6306146b17ba9",
          "version": null
        }
      },
      {
        "package": "swift-case-paths",
        "repositoryURL": "https://github.com/pointfreeco/swift-case-paths",
        "state": {
          "branch": null,
          "revision": "fc45e7b2cfece9dd80b5a45e6469ffe67fe67984",
          "version": "0.14.1"
        }
      },
      {
        "package": "swift-crypto",
        "repositoryURL": "https://github.com/apple/swift-crypto",
        "state": {
          "branch": null,
          "revision": "33a20e650c33f6d72d822d558333f2085effa3dc",
          "version": "2.5.0"
        }
      },
      {
        "package": "swift-custom-dump",
        "repositoryURL": "https://github.com/pointfreeco/swift-custom-dump",
        "state": {
          "branch": null,
          "revision": "3a35f7892e7cf6ba28a78cd46a703c0be4e0c6dc",
          "version": "0.11.0"
        }
      },
      {
        "package": "swift-log",
        "repositoryURL": "https://github.com/apple/swift-log.git",
        "state": {
          "branch": "main",
          "revision": "f8ce47d3b04c217a5aa0f3e26a632fc3fec22f4a",
          "version": null
        }
      },
      {
        "package": "swiftui-introspect",
        "repositoryURL": "https://github.com/siteline/swiftui-introspect",
        "state": {
          "branch": "master",
          "revision": "f91114c0f41ce7636752130c87d2632260996d57",
          "version": null
        }
      },
      {
        "package": "swiftui-navigation",
        "repositoryURL": "https://github.com/pointfreeco/swiftui-navigation",
        "state": {
          "branch": "main",
          "revision": "2aa885e719087ee19df251c08a5980ad3e787f12",
          "version": null
        }
      },
      {
        "package": "VisibilityTrackingScrollView",
        "repositoryURL": "https://github.com/elegantchaos/VisibilityTrackingScrollView.git",
        "state": {
          "branch": "main",
          "revision": "65948d428fdb6c82bb56754f7030eb28b21a795c",
          "version": null
        }
      },
      {
        "package": "xctest-dynamic-overlay",
        "repositoryURL": "https://github.com/pointfreeco/xctest-dynamic-overlay",
        "state": {
          "branch": null,
          "revision": "4af50b38daf0037cfbab15514a241224c3f62f98",
          "version": "0.8.5"
        }
      },
      {
        "package": "Zip",
        "repositoryURL": "https://github.com/marmelroy/Zip.git",
        "state": {
          "branch": null,
          "revision": "67fa55813b9e7b3b9acee9c0ae501def28746d76",
          "version": "2.1.2"
        }
      }
    ]
  },
  "version": 1
}
