// !$*UTF8*$!
{
	archiveVersion = 1;
	classes = {
	};
	objectVersion = 56;
	objects = {

/* Begin PBXBuildFile section */
		84225E332A44080300A1EAB0 /* PodyApp.swift in Sources */ = {isa = PBXBuildFile; fileRef = 84225E322A44080300A1EAB0 /* PodyApp.swift */; };
		84225E352A44080300A1EAB0 /* ContentView.swift in Sources */ = {isa = PBXBuildFile; fileRef = 84225E342A44080300A1EAB0 /* ContentView.swift */; };
		84225E372A44080500A1EAB0 /* Assets.xcassets in Resources */ = {isa = PBXBuildFile; fileRef = 84225E362A44080500A1EAB0 /* Assets.xcassets */; };
		84225E3A2A44080500A1EAB0 /* Preview Assets.xcassets in Resources */ = {isa = PBXBuildFile; fileRef = 84225E392A44080500A1EAB0 /* Preview Assets.xcassets */; };
		84225E3C2A44080500A1EAB0 /* Persistence.swift in Sources */ = {isa = PBXBuildFile; fileRef = 84225E3B2A44080500A1EAB0 /* Persistence.swift */; };
		84225E3F2A44080500A1EAB0 /* Pody.xcdatamodeld in Sources */ = {isa = PBXBuildFile; fileRef = 84225E3D2A44080500A1EAB0 /* Pody.xcdatamodeld */; };
		84225E4A2A44080500A1EAB0 /* PodyTests.swift in Sources */ = {isa = PBXBuildFile; fileRef = 84225E492A44080500A1EAB0 /* PodyTests.swift */; };
		84225E542A44080500A1EAB0 /* PodyUITests.swift in Sources */ = {isa = PBXBuildFile; fileRef = 84225E532A44080500A1EAB0 /* PodyUITests.swift */; };
		84225E562A44080500A1EAB0 /* PodyUITestsLaunchTests.swift in Sources */ = {isa = PBXBuildFile; fileRef = 84225E552A44080500A1EAB0 /* PodyUITestsLaunchTests.swift */; };
/* End PBXBuildFile section */

/* Begin PBXContainerItemProxy section */
		84225E462A44080500A1EAB0 /* PBXContainerItemProxy */ = {
			isa = PBXContainerItemProxy;
			containerPortal = 84225E272A44080300A1EAB0 /* Project object */;
			proxyType = 1;
			remoteGlobalIDString = 84225E2E2A44080300A1EAB0;
			remoteInfo = Pody;
		};
		84225E502A44080500A1EAB0 /* PBXContainerItemProxy */ = {
			isa = PBXContainerItemProxy;
			containerPortal = 84225E272A44080300A1EAB0 /* Project object */;
			proxyType = 1;
			remoteGlobalIDString = 84225E2E2A44080300A1EAB0;
			remoteInfo = Pody;
		};
/* End PBXContainerItemProxy section */

/* Begin PBXFileReference section */
		84225E2F2A44080300A1EAB0 /* Pody.app */ = {isa = PBXFileReference; explicitFileType = wrapper.application; includeInIndex = 0; path = Pody.app; sourceTree = BUILT_PRODUCTS_DIR; };
		84225E322A44080300A1EAB0 /* PodyApp.swift */ = {isa = PBXFileReference; lastKnownFileType = sourcecode.swift; path = PodyApp.swift; sourceTree = "<group>"; };
		84225E342A44080300A1EAB0 /* ContentView.swift */ = {isa = PBXFileReference; lastKnownFileType = sourcecode.swift; path = ContentView.swift; sourceTree = "<group>"; };
		84225E362A44080500A1EAB0 /* Assets.xcassets */ = {isa = PBXFileReference; lastKnownFileType = folder.assetcatalog; path = Assets.xcassets; sourceTree = "<group>"; };
		84225E392A44080500A1EAB0 /* Preview Assets.xcassets */ = {isa = PBXFileReference; lastKnownFileType = folder.assetcatalog; path = "Preview Assets.xcassets"; sourceTree = "<group>"; };
		84225E3B2A44080500A1EAB0 /* Persistence.swift */ = {isa = PBXFileReference; lastKnownFileType = sourcecode.swift; path = Persistence.swift; sourceTree = "<group>"; };
		84225E3E2A44080500A1EAB0 /* Pody.xcdatamodel */ = {isa = PBXFileReference; lastKnownFileType = wrapper.xcdatamodel; path = Pody.xcdatamodel; sourceTree = "<group>"; };
		84225E402A44080500A1EAB0 /* Info.plist */ = {isa = PBXFileReference; lastKnownFileType = text.plist.xml; path = Info.plist; sourceTree = "<group>"; };
		84225E452A44080500A1EAB0 /* PodyTests.xctest */ = {isa = PBXFileReference; explicitFileType = wrapper.cfbundle; includeInIndex = 0; path = PodyTests.xctest; sourceTree = BUILT_PRODUCTS_DIR; };
		84225E492A44080500A1EAB0 /* PodyTests.swift */ = {isa = PBXFileReference; lastKnownFileType = sourcecode.swift; path = PodyTests.swift; sourceTree = "<group>"; };
		84225E4F2A44080500A1EAB0 /* PodyUITests.xctest */ = {isa = PBXFileReference; explicitFileType = wrapper.cfbundle; includeInIndex = 0; path = PodyUITests.xctest; sourceTree = BUILT_PRODUCTS_DIR; };
		84225E532A44080500A1EAB0 /* PodyUITests.swift */ = {isa = PBXFileReference; lastKnownFileType = sourcecode.swift; path = PodyUITests.swift; sourceTree = "<group>"; };
		84225E552A44080500A1EAB0 /* PodyUITestsLaunchTests.swift */ = {isa = PBXFileReference; lastKnownFileType = sourcecode.swift; path = PodyUITestsLaunchTests.swift; sourceTree = "<group>"; };
/* End PBXFileReference section */

/* Begin PBXFrameworksBuildPhase section */
		84225E2C2A44080300A1EAB0 /* Frameworks */ = {
			isa = PBXFrameworksBuildPhase;
			buildActionMask = 2147483647;
			files = (
			);
			runOnlyForDeploymentPostprocessing = 0;
		};
		84225E422A44080500A1EAB0 /* Frameworks */ = {
			isa = PBXFrameworksBuildPhase;
			buildActionMask = 2147483647;
			files = (
			);
			runOnlyForDeploymentPostprocessing = 0;
		};
		84225E4C2A44080500A1EAB0 /* Frameworks */ = {
			isa = PBXFrameworksBuildPhase;
			buildActionMask = 2147483647;
			files = (
			);
			runOnlyForDeploymentPostprocessing = 0;
		};
/* End PBXFrameworksBuildPhase section */

/* Begin PBXGroup section */
		84225E262A44080300A1EAB0 = {
			isa = PBXGroup;
			children = (
				84225E312A44080300A1EAB0 /* Pody */,
				84225E482A44080500A1EAB0 /* PodyTests */,
				84225E522A44080500A1EAB0 /* PodyUITests */,
				84225E302A44080300A1EAB0 /* Products */,
			);
			sourceTree = "<group>";
		};
		84225E302A44080300A1EAB0 /* Products */ = {
			isa = PBXGroup;
			children = (
				84225E2F2A44080300A1EAB0 /* Pody.app */,
				84225E452A44080500A1EAB0 /* PodyTests.xctest */,
				84225E4F2A44080500A1EAB0 /* PodyUITests.xctest */,
			);
			name = Products;
			sourceTree = "<group>";
		};
		84225E312A44080300A1EAB0 /* Pody */ = {
			isa = PBXGroup;
			children = (
				84225E322A44080300A1EAB0 /* PodyApp.swift */,
				84225E342A44080300A1EAB0 /* ContentView.swift */,
				84225E362A44080500A1EAB0 /* Assets.xcassets */,
				84225E3B2A44080500A1EAB0 /* Persistence.swift */,
				84225E402A44080500A1EAB0 /* Info.plist */,
				84225E3D2A44080500A1EAB0 /* Pody.xcdatamodeld */,
				84225E382A44080500A1EAB0 /* Preview Content */,
			);
			path = Pody;
			sourceTree = "<group>";
		};
		84225E382A44080500A1EAB0 /* Preview Content */ = {
			isa = PBXGroup;
			children = (
				84225E392A44080500A1EAB0 /* Preview Assets.xcassets */,
			);
			path = "Preview Content";
			sourceTree = "<group>";
		};
		84225E482A44080500A1EAB0 /* PodyTests */ = {
			isa = PBXGroup;
			children = (
				84225E492A44080500A1EAB0 /* PodyTests.swift */,
			);
			path = PodyTests;
			sourceTree = "<group>";
		};
		84225E522A44080500A1EAB0 /* PodyUITests */ = {
			isa = PBXGroup;
			children = (
				84225E532A44080500A1EAB0 /* PodyUITests.swift */,
				84225E552A44080500A1EAB0 /* PodyUITestsLaunchTests.swift */,
			);
			path = PodyUITests;
			sourceTree = "<group>";
		};
/* End PBXGroup section */

/* Begin PBXNativeTarget section */
		84225E2E2A44080300A1EAB0 /* Pody */ = {
			isa = PBXNativeTarget;
			buildConfigurationList = 84225E592A44080500A1EAB0 /* Build configuration list for PBXNativeTarget "Pody" */;
			buildPhases = (
				84225E2B2A44080300A1EAB0 /* Sources */,
				84225E2C2A44080300A1EAB0 /* Frameworks */,
				84225E2D2A44080300A1EAB0 /* Resources */,
			);
			buildRules = (
			);
			dependencies = (
			);
			name = Pody;
			productName = Pody;
			productReference = 84225E2F2A44080300A1EAB0 /* Pody.app */;
			productType = "com.apple.product-type.application";
		};
		84225E442A44080500A1EAB0 /* PodyTests */ = {
			isa = PBXNativeTarget;
			buildConfigurationList = 84225E5C2A44080500A1EAB0 /* Build configuration list for PBXNativeTarget "PodyTests" */;
			buildPhases = (
				84225E412A44080500A1EAB0 /* Sources */,
				84225E422A44080500A1EAB0 /* Frameworks */,
				84225E432A44080500A1EAB0 /* Resources */,
			);
			buildRules = (
			);
			dependencies = (
				84225E472A44080500A1EAB0 /* PBXTargetDependency */,
			);
			name = PodyTests;
			productName = PodyTests;
			productReference = 84225E452A44080500A1EAB0 /* PodyTests.xctest */;
			productType = "com.apple.product-type.bundle.unit-test";
		};
		84225E4E2A44080500A1EAB0 /* PodyUITests */ = {
			isa = PBXNativeTarget;
			buildConfigurationList = 84225E5F2A44080500A1EAB0 /* Build configuration list for PBXNativeTarget "PodyUITests" */;
			buildPhases = (
				84225E4B2A44080500A1EAB0 /* Sources */,
				84225E4C2A44080500A1EAB0 /* Frameworks */,
				84225E4D2A44080500A1EAB0 /* Resources */,
			);
			buildRules = (
			);
			dependencies = (
				84225E512A44080500A1EAB0 /* PBXTargetDependency */,
			);
			name = PodyUITests;
			productName = PodyUITests;
			productReference = 84225E4F2A44080500A1EAB0 /* PodyUITests.xctest */;
			productType = "com.apple.product-type.bundle.ui-testing";
		};
/* End PBXNativeTarget section */

/* Begin PBXProject section */
		84225E272A44080300A1EAB0 /* Project object */ = {
			isa = PBXProject;
			attributes = {
				BuildIndependentTargetsInParallel = 1;
				LastSwiftUpdateCheck = 1430;
				LastUpgradeCheck = 1430;
				TargetAttributes = {
					84225E2E2A44080300A1EAB0 = {
						CreatedOnToolsVersion = 14.3.1;
					};
					84225E442A44080500A1EAB0 = {
						CreatedOnToolsVersion = 14.3.1;
						TestTargetID = 84225E2E2A44080300A1EAB0;
					};
					84225E4E2A44080500A1EAB0 = {
						CreatedOnToolsVersion = 14.3.1;
						TestTargetID = 84225E2E2A44080300A1EAB0;
					};
				};
			};
			buildConfigurationList = 84225E2A2A44080300A1EAB0 /* Build configuration list for PBXProject "Pody" */;
			compatibilityVersion = "Xcode 14.0";
			developmentRegion = en;
			hasScannedForEncodings = 0;
			knownRegions = (
				en,
				Base,
			);
			mainGroup = 84225E262A44080300A1EAB0;
			productRefGroup = 84225E302A44080300A1EAB0 /* Products */;
			projectDirPath = "";
			projectRoot = "";
			targets = (
				84225E2E2A44080300A1EAB0 /* Pody */,
				84225E442A44080500A1EAB0 /* PodyTests */,
				84225E4E2A44080500A1EAB0 /* PodyUITests */,
			);
		};
/* End PBXProject section */

/* Begin PBXResourcesBuildPhase section */
		84225E2D2A44080300A1EAB0 /* Resources */ = {
			isa = PBXResourcesBuildPhase;
			buildActionMask = 2147483647;
			files = (
				84225E3A2A44080500A1EAB0 /* Preview Assets.xcassets in Resources */,
				84225E372A44080500A1EAB0 /* Assets.xcassets in Resources */,
			);
			runOnlyForDeploymentPostprocessing = 0;
		};
		84225E432A44080500A1EAB0 /* Resources */ = {
			isa = PBXResourcesBuildPhase;
			buildActionMask = 2147483647;
			files = (
			);
			runOnlyForDeploymentPostprocessing = 0;
		};
		84225E4D2A44080500A1EAB0 /* Resources */ = {
			isa = PBXResourcesBuildPhase;
			buildActionMask = 2147483647;
			files = (
			);
			runOnlyForDeploymentPostprocessing = 0;
		};
/* End PBXResourcesBuildPhase section */

/* Begin PBXSourcesBuildPhase section */
		84225E2B2A44080300A1EAB0 /* Sources */ = {
			isa = PBXSourcesBuildPhase;
			buildActionMask = 2147483647;
			files = (
				84225E3C2A44080500A1EAB0 /* Persistence.swift in Sources */,
				84225E3F2A44080500A1EAB0 /* Pody.xcdatamodeld in Sources */,
				84225E352A44080300A1EAB0 /* ContentView.swift in Sources */,
				84225E332A44080300A1EAB0 /* PodyApp.swift in Sources */,
			);
			runOnlyForDeploymentPostprocessing = 0;
		};
		84225E412A44080500A1EAB0 /* Sources */ = {
			isa = PBXSourcesBuildPhase;
			buildActionMask = 2147483647;
			files = (
				84225E4A2A44080500A1EAB0 /* PodyTests.swift in Sources */,
			);
			runOnlyForDeploymentPostprocessing = 0;
		};
		84225E4B2A44080500A1EAB0 /* Sources */ = {
			isa = PBXSourcesBuildPhase;
			buildActionMask = 2147483647;
			files = (
				84225E562A44080500A1EAB0 /* PodyUITestsLaunchTests.swift in Sources */,
				84225E542A44080500A1EAB0 /* PodyUITests.swift in Sources */,
			);
			runOnlyForDeploymentPostprocessing = 0;
		};
/* End PBXSourcesBuildPhase section */

/* Begin PBXTargetDependency section */
		84225E472A44080500A1EAB0 /* PBXTargetDependency */ = {
			isa = PBXTargetDependency;
			target = 84225E2E2A44080300A1EAB0 /* Pody */;
			targetProxy = 84225E462A44080500A1EAB0 /* PBXContainerItemProxy */;
		};
		84225E512A44080500A1EAB0 /* PBXTargetDependency */ = {
			isa = PBXTargetDependency;
			target = 84225E2E2A44080300A1EAB0 /* Pody */;
			targetProxy = 84225E502A44080500A1EAB0 /* PBXContainerItemProxy */;
		};
/* End PBXTargetDependency section */

/* Begin XCBuildConfiguration section */
		84225E572A44080500A1EAB0 /* Debug */ = {
			isa = XCBuildConfiguration;
			buildSettings = {
				ALWAYS_SEARCH_USER_PATHS = NO;
				CLANG_ANALYZER_NONNULL = YES;
				CLANG_ANALYZER_NUMBER_OBJECT_CONVERSION = YES_AGGRESSIVE;
				CLANG_CXX_LANGUAGE_STANDARD = "gnu++20";
				CLANG_ENABLE_MODULES = YES;
				CLANG_ENABLE_OBJC_ARC = YES;
				CLANG_ENABLE_OBJC_WEAK = YES;
				CLANG_WARN_BLOCK_CAPTURE_AUTORELEASING = YES;
				CLANG_WARN_BOOL_CONVERSION = YES;
				CLANG_WARN_COMMA = YES;
				CLANG_WARN_CONSTANT_CONVERSION = YES;
				CLANG_WARN_DEPRECATED_OBJC_IMPLEMENTATIONS = YES;
				CLANG_WARN_DIRECT_OBJC_ISA_USAGE = YES_ERROR;
				CLANG_WARN_DOCUMENTATION_COMMENTS = YES;
				CLANG_WARN_EMPTY_BODY = YES;
				CLANG_WARN_ENUM_CONVERSION = YES;
				CLANG_WARN_INFINITE_RECURSION = YES;
				CLANG_WARN_INT_CONVERSION = YES;
				CLANG_WARN_NON_LITERAL_NULL_CONVERSION = YES;
				CLANG_WARN_OBJC_IMPLICIT_RETAIN_SELF = YES;
				CLANG_WARN_OBJC_LITERAL_CONVERSION = YES;
				CLANG_WARN_OBJC_ROOT_CLASS = YES_ERROR;
				CLANG_WARN_QUOTED_INCLUDE_IN_FRAMEWORK_HEADER = YES;
				CLANG_WARN_RANGE_LOOP_ANALYSIS = YES;
				CLANG_WARN_STRICT_PROTOTYPES = YES;
				CLANG_WARN_SUSPICIOUS_MOVE = YES;
				CLANG_WARN_UNGUARDED_AVAILABILITY = YES_AGGRESSIVE;
				CLANG_WARN_UNREACHABLE_CODE = YES;
				CLANG_WARN__DUPLICATE_METHOD_MATCH = YES;
				COPY_PHASE_STRIP = NO;
				DEBUG_INFORMATION_FORMAT = dwarf;
				ENABLE_STRICT_OBJC_MSGSEND = YES;
				ENABLE_TESTABILITY = YES;
				GCC_C_LANGUAGE_STANDARD = gnu11;
				GCC_DYNAMIC_NO_PIC = NO;
				GCC_NO_COMMON_BLOCKS = YES;
				GCC_OPTIMIZATION_LEVEL = 0;
				GCC_PREPROCESSOR_DEFINITIONS = (
					"DEBUG=1",
					"$(inherited)",
				);
				GCC_WARN_64_TO_32_BIT_CONVERSION = YES;
				GCC_WARN_ABOUT_RETURN_TYPE = YES_ERROR;
				GCC_WARN_UNDECLARED_SELECTOR = YES;
				GCC_WARN_UNINITIALIZED_AUTOS = YES_AGGRESSIVE;
				GCC_WARN_UNUSED_FUNCTION = YES;
				GCC_WARN_UNUSED_VARIABLE = YES;
				IPHONEOS_DEPLOYMENT_TARGET = 16.4;
				MTL_ENABLE_DEBUG_INFO = INCLUDE_SOURCE;
				MTL_FAST_MATH = YES;
				ONLY_ACTIVE_ARCH = YES;
				SDKROOT = iphoneos;
				SWIFT_ACTIVE_COMPILATION_CONDITIONS = DEBUG;
				SWIFT_OPTIMIZATION_LEVEL = "-Onone";
			};
			name = Debug;
		};
		84225E582A44080500A1EAB0 /* Release */ = {
			isa = XCBuildConfiguration;
			buildSettings = {
				ALWAYS_SEARCH_USER_PATHS = NO;
				CLANG_ANALYZER_NONNULL = YES;
				CLANG_ANALYZER_NUMBER_OBJECT_CONVERSION = YES_AGGRESSIVE;
				CLANG_CXX_LANGUAGE_STANDARD = "gnu++20";
				CLANG_ENABLE_MODULES = YES;
				CLANG_ENABLE_OBJC_ARC = YES;
				CLANG_ENABLE_OBJC_WEAK = YES;
				CLANG_WARN_BLOCK_CAPTURE_AUTORELEASING = YES;
				CLANG_WARN_BOOL_CONVERSION = YES;
				CLANG_WARN_COMMA = YES;
				CLANG_WARN_CONSTANT_CONVERSION = YES;
				CLANG_WARN_DEPRECATED_OBJC_IMPLEMENTATIONS = YES;
				CLANG_WARN_DIRECT_OBJC_ISA_USAGE = YES_ERROR;
				CLANG_WARN_DOCUMENTATION_COMMENTS = YES;
				CLANG_WARN_EMPTY_BODY = YES;
				CLANG_WARN_ENUM_CONVERSION = YES;
				CLANG_WARN_INFINITE_RECURSION = YES;
				CLANG_WARN_INT_CONVERSION = YES;
				CLANG_WARN_NON_LITERAL_NULL_CONVERSION = YES;
				CLANG_WARN_OBJC_IMPLICIT_RETAIN_SELF = YES;
				CLANG_WARN_OBJC_LITERAL_CONVERSION = YES;
				CLANG_WARN_OBJC_ROOT_CLASS = YES_ERROR;
				CLANG_WARN_QUOTED_INCLUDE_IN_FRAMEWORK_HEADER = YES;
				CLANG_WARN_RANGE_LOOP_ANALYSIS = YES;
				CLANG_WARN_STRICT_PROTOTYPES = YES;
				CLANG_WARN_SUSPICIOUS_MOVE = YES;
				CLANG_WARN_UNGUARDED_AVAILABILITY = YES_AGGRESSIVE;
				CLANG_WARN_UNREACHABLE_CODE = YES;
				CLANG_WARN__DUPLICATE_METHOD_MATCH = YES;
				COPY_PHASE_STRIP = NO;
				DEBUG_INFORMATION_FORMAT = "dwarf-with-dsym";
				ENABLE_NS_ASSERTIONS = NO;
				ENABLE_STRICT_OBJC_MSGSEND = YES;
				GCC_C_LANGUAGE_STANDARD = gnu11;
				GCC_NO_COMMON_BLOCKS = YES;
				GCC_WARN_64_TO_32_BIT_CONVERSION = YES;
				GCC_WARN_ABOUT_RETURN_TYPE = YES_ERROR;
				GCC_WARN_UNDECLARED_SELECTOR = YES;
				GCC_WARN_UNINITIALIZED_AUTOS = YES_AGGRESSIVE;
				GCC_WARN_UNUSED_FUNCTION = YES;
				GCC_WARN_UNUSED_VARIABLE = YES;
				IPHONEOS_DEPLOYMENT_TARGET = 16.4;
				MTL_ENABLE_DEBUG_INFO = NO;
				MTL_FAST_MATH = YES;
				SDKROOT = iphoneos;
				SWIFT_COMPILATION_MODE = wholemodule;
				SWIFT_OPTIMIZATION_LEVEL = "-O";
				VALIDATE_PRODUCT = YES;
			};
			name = Release;
		};
		84225E5A2A44080500A1EAB0 /* Debug */ = {
			isa = XCBuildConfiguration;
			buildSettings = {
				ASSETCATALOG_COMPILER_APPICON_NAME = AppIcon;
				ASSETCATALOG_COMPILER_GLOBAL_ACCENT_COLOR_NAME = AccentColor;
				CODE_SIGN_STYLE = Automatic;
				CURRENT_PROJECT_VERSION = 1;
				DEVELOPMENT_ASSET_PATHS = "\"Pody/Preview Content\"";
				DEVELOPMENT_TEAM = W3URZS4WKQ;
				ENABLE_PREVIEWS = YES;
				GENERATE_INFOPLIST_FILE = YES;
				INFOPLIST_KEY_UIApplicationSceneManifest_Generation = YES;
				INFOPLIST_KEY_UIApplicationSupportsIndirectInputEvents = YES;
				INFOPLIST_KEY_UILaunchScreen_Generation = YES;
				INFOPLIST_KEY_UISupportedInterfaceOrientations_iPad = "UIInterfaceOrientationPortrait UIInterfaceOrientationPortraitUpsideDown UIInterfaceOrientationLandscapeLeft UIInterfaceOrientationLandscapeRight";
				INFOPLIST_KEY_UISupportedInterfaceOrientations_iPhone = "UIInterfaceOrientationPortrait UIInterfaceOrientationLandscapeLeft UIInterfaceOrientationLandscapeRight";
				LD_RUNPATH_SEARCH_PATHS = (
					"$(inherited)",
					"@executable_path/Frameworks",
				);
				MARKETING_VERSION = 1.0;
				PRODUCT_BUNDLE_IDENTIFIER = cwr.orz.Pody;
				PRODUCT_NAME = "$(TARGET_NAME)";
				SWIFT_EMIT_LOC_STRINGS = YES;
				SWIFT_VERSION = 5.0;
				TARGETED_DEVICE_FAMILY = "1,2";
			};
			name = Debug;
		};
		84225E5B2A44080500A1EAB0 /* Release */ = {
			isa = XCBuildConfiguration;
			buildSettings = {
				ASSETCATALOG_COMPILER_APPICON_NAME = AppIcon;
				ASSETCATALOG_COMPILER_GLOBAL_ACCENT_COLOR_NAME = AccentColor;
				CODE_SIGN_STYLE = Automatic;
				CURRENT_PROJECT_VERSION = 1;
				DEVELOPMENT_ASSET_PATHS = "\"Pody/Preview Content\"";
				DEVELOPMENT_TEAM = W3URZS4WKQ;
				ENABLE_PREVIEWS = YES;
				GENERATE_INFOPLIST_FILE = YES;
				INFOPLIST_KEY_UIApplicationSceneManifest_Generation = YES;
				INFOPLIST_KEY_UIApplicationSupportsIndirectInputEvents = YES;
				INFOPLIST_KEY_UILaunchScreen_Generation = YES;
				INFOPLIST_KEY_UISupportedInterfaceOrientations_iPad = "UIInterfaceOrientationPortrait UIInterfaceOrientationPortraitUpsideDown UIInterfaceOrientationLandscapeLeft UIInterfaceOrientationLandscapeRight";
				INFOPLIST_KEY_UISupportedInterfaceOrientations_iPhone = "UIInterfaceOrientationPortrait UIInterfaceOrientationLandscapeLeft UIInterfaceOrientationLandscapeRight";
				LD_RUNPATH_SEARCH_PATHS = (
					"$(inherited)",
					"@executable_path/Frameworks",
				);
				MARKETING_VERSION = 1.0;
				PRODUCT_BUNDLE_IDENTIFIER = cwr.orz.Pody;
				PRODUCT_NAME = "$(TARGET_NAME)";
				SWIFT_EMIT_LOC_STRINGS = YES;
				SWIFT_VERSION = 5.0;
				TARGETED_DEVICE_FAMILY = "1,2";
			};
			name = Release;
		};
		84225E5D2A44080500A1EAB0 /* Debug */ = {
			isa = XCBuildConfiguration;
			buildSettings = {
				ALWAYS_EMBED_SWIFT_STANDARD_LIBRARIES = YES;
				BUNDLE_LOADER = "$(TEST_HOST)";
				CODE_SIGN_STYLE = Automatic;
				CURRENT_PROJECT_VERSION = 1;
				DEVELOPMENT_TEAM = W3URZS4WKQ;
				GENERATE_INFOPLIST_FILE = YES;
				IPHONEOS_DEPLOYMENT_TARGET = 16.4;
				MARKETING_VERSION = 1.0;
				PRODUCT_BUNDLE_IDENTIFIER = cwr.orz.PodyTests;
				PRODUCT_NAME = "$(TARGET_NAME)";
				SWIFT_EMIT_LOC_STRINGS = NO;
				SWIFT_VERSION = 5.0;
				TARGETED_DEVICE_FAMILY = "1,2";
				TEST_HOST = "$(BUILT_PRODUCTS_DIR)/Pody.app/$(BUNDLE_EXECUTABLE_FOLDER_PATH)/Pody";
			};
			name = Debug;
		};
		84225E5E2A44080500A1EAB0 /* Release */ = {
			isa = XCBuildConfiguration;
			buildSettings = {
				ALWAYS_EMBED_SWIFT_STANDARD_LIBRARIES = YES;
				BUNDLE_LOADER = "$(TEST_HOST)";
				CODE_SIGN_STYLE = Automatic;
				CURRENT_PROJECT_VERSION = 1;
				DEVELOPMENT_TEAM = W3URZS4WKQ;
				GENERATE_INFOPLIST_FILE = YES;
				IPHONEOS_DEPLOYMENT_TARGET = 16.4;
				MARKETING_VERSION = 1.0;
				PRODUCT_BUNDLE_IDENTIFIER = cwr.orz.PodyTests;
				PRODUCT_NAME = "$(TARGET_NAME)";
				SWIFT_EMIT_LOC_STRINGS = NO;
				SWIFT_VERSION = 5.0;
				TARGETED_DEVICE_FAMILY = "1,2";
				TEST_HOST = "$(BUILT_PRODUCTS_DIR)/Pody.app/$(BUNDLE_EXECUTABLE_FOLDER_PATH)/Pody";
			};
			name = Release;
		};
		84225E602A44080500A1EAB0 /* Debug */ = {
			isa = XCBuildConfiguration;
			buildSettings = {
				ALWAYS_EMBED_SWIFT_STANDARD_LIBRARIES = YES;
				CODE_SIGN_STYLE = Automatic;
				CURRENT_PROJECT_VERSION = 1;
				DEVELOPMENT_TEAM = W3URZS4WKQ;
				GENERATE_INFOPLIST_FILE = YES;
				MARKETING_VERSION = 1.0;
				PRODUCT_BUNDLE_IDENTIFIER = cwr.orz.PodyUITests;
				PRODUCT_NAME = "$(TARGET_NAME)";
				SWIFT_EMIT_LOC_STRINGS = NO;
				SWIFT_VERSION = 5.0;
				TARGETED_DEVICE_FAMILY = "1,2";
				TEST_TARGET_NAME = Pody;
			};
			name = Debug;
		};
		84225E612A44080500A1EAB0 /* Release */ = {
			isa = XCBuildConfiguration;
			buildSettings = {
				ALWAYS_EMBED_SWIFT_STANDARD_LIBRARIES = YES;
				CODE_SIGN_STYLE = Automatic;
				CURRENT_PROJECT_VERSION = 1;
				DEVELOPMENT_TEAM = W3URZS4WKQ;
				GENERATE_INFOPLIST_FILE = YES;
				MARKETING_VERSION = 1.0;
				PRODUCT_BUNDLE_IDENTIFIER = cwr.orz.PodyUITests;
				PRODUCT_NAME = "$(TARGET_NAME)";
				SWIFT_EMIT_LOC_STRINGS = NO;
				SWIFT_VERSION = 5.0;
				TARGETED_DEVICE_FAMILY = "1,2";
				TEST_TARGET_NAME = Pody;
			};
			name = Release;
		};
/* End XCBuildConfiguration section */

/* Begin XCConfigurationList section */
		84225E2A2A44080300A1EAB0 /* Build configuration list for PBXProject "Pody" */ = {
			isa = XCConfigurationList;
			buildConfigurations = (
				84225E572A44080500A1EAB0 /* Debug */,
				84225E582A44080500A1EAB0 /* Release */,
			);
			defaultConfigurationIsVisible = 0;
			defaultConfigurationName = Release;
		};
		84225E592A44080500A1EAB0 /* Build configuration list for PBXNativeTarget "Pody" */ = {
			isa = XCConfigurationList;
			buildConfigurations = (
				84225E5A2A44080500A1EAB0 /* Debug */,
				84225E5B2A44080500A1EAB0 /* Release */,
			);
			defaultConfigurationIsVisible = 0;
			defaultConfigurationName = Release;
		};
		84225E5C2A44080500A1EAB0 /* Build configuration list for PBXNativeTarget "PodyTests" */ = {
			isa = XCConfigurationList;
			buildConfigurations = (
				84225E5D2A44080500A1EAB0 /* Debug */,
				84225E5E2A44080500A1EAB0 /* Release */,
			);
			defaultConfigurationIsVisible = 0;
			defaultConfigurationName = Release;
		};
		84225E5F2A44080500A1EAB0 /* Build configuration list for PBXNativeTarget "PodyUITests" */ = {
			isa = XCConfigurationList;
			buildConfigurations = (
				84225E602A44080500A1EAB0 /* Debug */,
				84225E612A44080500A1EAB0 /* Release */,
			);
			defaultConfigurationIsVisible = 0;
			defaultConfigurationName = Release;
		};
/* End XCConfigurationList section */

/* Begin XCVersionGroup section */
		84225E3D2A44080500A1EAB0 /* Pody.xcdatamodeld */ = {
			isa = XCVersionGroup;
			children = (
				84225E3E2A44080500A1EAB0 /* Pody.xcdatamodel */,
			);
			currentVersion = 84225E3E2A44080500A1EAB0 /* Pody.xcdatamodel */;
			path = Pody.xcdatamodeld;
			sourceTree = "<group>";
			versionGroupType = wrapper.xcdatamodel;
		};
/* End XCVersionGroup section */
	};
	rootObject = 84225E272A44080300A1EAB0 /* Project object */;
}
